# This file is autogenerated, do not edit; changes may be undone by the next 'dep ensure'.


[[projects]]
  branch = "master"
  name = "github.com/edsrzf/mmap-go"
  packages = ["."]
  revision = "0bce6a6887123b67a60366d2c9fe2dfb74289d2e"

[[projects]]
  branch = "master"
  name = "github.com/flynn-archive/go-shlex"
  packages = ["."]
  revision = "3f9db97f856818214da2e1057f8ad84803971cff"

[[projects]]
  name = "github.com/pkg/errors"
  packages = ["."]
  revision = "645ef00459ed84a119197bfb8d8205042c6df63d"
  version = "v0.8.0"

[[projects]]
  branch = "v2"
  name = "gopkg.in/abiosoft/ishell.v2"
  packages = ["."]
  revision = "f58403d26a7c0ad68945110a7ae613b99d869ced"

[[projects]]
  name = "gopkg.in/readline.v1"
  packages = ["."]
  revision = "62c6fe6193755f722b8b8788aa7357be55a50ff1"
  version = "v1.4"

[solve-meta]
  analyzer-name = "dep"
  analyzer-version = 1
  inputs-digest = "73d88fb07deab8f540c47cac093790ca133a35ac27c55276d6727ea7574c310d"
  solver-name = "gps-cdcl"
  solver-version = 1
